
Microsoft Visual Studio Solution File, Format Version 12.00
# Visual Studio 15
VisualStudioVersion = 15.0.27703.2042
MinimumVisualStudioVersion = 10.0.40219.1
Project("{FAE04EC0-301F-11D3-BF4B-00C04F79EFBC}") = "LOC.Tutorial_01", "Code\LOC.Tutorial_01\LOC.Tutorial_01.csproj", "{51FE8B1A-48D0-4ECC-8334-96683AACA0D3}"
EndProject
Project("{FAE04EC0-301F-11D3-BF4B-00C04F79EFBC}") = "LOC.Tutorial_02", "Code\LOC.Tutorial_02\LOC.Tutorial_02.csproj", "{A674ED88-ECE1-4E61-9DD3-80C3B3B27B6F}"
EndProject
Project("{FAE04EC0-301F-11D3-BF4B-00C04F79EFBC}") = "LOC.tutorial_03", "Code\LOC.tutorial_03\LOC.tutorial_03.csproj", "{D703A363-E38C-40A1-B531-935280B5D9B2}"
EndProject
Global
	GlobalSection(SolutionConfigurationPlatforms) = preSolution
		Debug|x86 = Debug|x86
		Release|x86 = Release|x86
	EndGlobalSection
	GlobalSection(ProjectConfigurationPlatforms) = postSolution
		{51FE8B1A-48D0-4ECC-8334-96683AACA0D3}.Debug|x86.ActiveCfg = Debug|x86
		{51FE8B1A-48D0-4ECC-8334-96683AACA0D3}.Debug|x86.Build.0 = Debug|x86
		{51FE8B1A-48D0-4ECC-8334-96683AACA0D3}.Release|x86.ActiveCfg = Release|x86
		{51FE8B1A-48D0-4ECC-8334-96683AACA0D3}.Release|x86.Build.0 = Release|x86
		{A674ED88-ECE1-4E61-9DD3-80C3B3B27B6F}.Debug|x86.ActiveCfg = Debug|x86
		{A674ED88-ECE1-4E61-9DD3-80C3B3B27B6F}.Debug|x86.Build.0 = Debug|x86
		{A674ED88-ECE1-4E61-9DD3-80C3B3B27B6F}.Release|x86.ActiveCfg = Release|x86
		{A674ED88-ECE1-4E61-9DD3-80C3B3B27B6F}.Release|x86.Build.0 = Release|x86
		{D703A363-E38C-40A1-B531-935280B5D9B2}.Debug|x86.ActiveCfg = Debug|x86
		{D703A363-E38C-40A1-B531-935280B5D9B2}.Debug|x86.Build.0 = Debug|x86
		{D703A363-E38C-40A1-B531-935280B5D9B2}.Release|x86.ActiveCfg = Release|x86
		{D703A363-E38C-40A1-B531-935280B5D9B2}.Release|x86.Build.0 = Release|x86
	EndGlobalSection
	GlobalSection(SolutionProperties) = preSolution
		HideSolutionNode = FALSE
	EndGlobalSection
	GlobalSection(ExtensibilityGlobals) = postSolution
		SolutionGuid = {86E73BB5-E7B9-44AF-9F8C-30088267C260}
	EndGlobalSection
EndGlobal
